PODS:
  - AFNetworking (4.0.1):
    - AFNetworking/NSURLSession (= 4.0.1)
    - AFNetworking/Reachability (= 4.0.1)
    - AFNetworking/Security (= 4.0.1)
    - AFNetworking/Serialization (= 4.0.1)
    - AFNetworking/UIKit (= 4.0.1)
  - AFNetworking/NSURLSession (4.0.1):
    - AFNetworking/Reachability
    - AFNetworking/Security
    - AFNetworking/Serialization
  - AFNetworking/Reachability (4.0.1)
  - AFNetworking/Security (4.0.1)
  - AFNetworking/Serialization (4.0.1)
  - AFNetworking/UIKit (4.0.1):
    - AFNetworking/NSURLSession
  - ASIHTTPRequest (1.8.2):
    - ASIHTTPRequest/ASIWebPageRequest (= 1.8.2)
    - ASIHTTPRequest/CloudFiles (= 1.8.2)
    - ASIHTTPRequest/Core (= 1.8.2)
    - ASIHTTPRequest/S3 (= 1.8.2)
  - ASIHTTPRequest/ASIWebPageRequest (1.8.2):
    - ASIHTTPRequest/Core
  - ASIHTTPRequest/CloudFiles (1.8.2):
    - ASIHTTPRequest/Core
  - ASIHTTPRequest/Core (1.8.2):
    - Reachability
  - ASIHTTPRequest/S3 (1.8.2):
    - ASIHTTPRequest/Core
  - Bolts/Tasks (1.9.1)
  - DateTools (2.0.0)
  - GoogleMaps (5.1.0):
    - GoogleMaps/Maps (= 5.1.0)
  - GoogleMaps/Base (5.1.0)
  - GoogleMaps/Maps (5.1.0):
    - GoogleMaps/Base
  - GooglePlaces (5.0.0)
  - HCSStarRatingView (1.5)
  - MaterialComponents/PageControl (124.2.0):
    - MDFInternationalization
  - MDFInternationalization (3.0.0)
  - Parse (1.19.2):
    - Parse/Core (= 1.19.2)
  - Parse/Core (1.19.2):
    - Bolts/Tasks (= 1.9.1)
  - Reachability (3.2)
  - RZTransitions (1.2.1)
  - "UITextField+Shake (1.2.1)"
  - YelpAPI (3.0.0)

DEPENDENCIES:
  - AFNetworking
  - ASIHTTPRequest
  - DateTools
  - GoogleMaps (= 5.1.0)
  - GooglePlaces (= 5.0.0)
  - HCSStarRatingView (~> 1.5)
  - MaterialComponents/PageControl
  - Parse
  - RZTransitions
  - "UITextField+Shake (~> 1.2)"
  - YelpAPI

SPEC REPOS:
  trunk:
    - AFNetworking
    - ASIHTTPRequest
    - Bolts
    - DateTools
    - GoogleMaps
    - GooglePlaces
    - HCSStarRatingView
    - MaterialComponents
    - MDFInternationalization
    - Parse
    - Reachability
    - RZTransitions
    - "UITextField+Shake"
    - YelpAPI

SPEC CHECKSUMS:
  AFNetworking: 7864c38297c79aaca1500c33288e429c3451fdce
  ASIHTTPRequest: ec013992946676b7978dcbde6396d57312d21db4
  Bolts: 8c1e8aab2f603387b8b9924f57d1d64f43d3ffdc
  DateTools: 933ac9c490f21f92127cf690ccd8c397e0126caf
  GoogleMaps: 086ae1dab659eaa7339bdb30fc88e2f44e7c597c
  GooglePlaces: 5d87ca13ed98b7a937e0d8bc7026f718c7263271
  HCSStarRatingView: 1d18f79654735514cd6f00e6d90e38cb6320dc31
  MaterialComponents: 1a9b2d9d45b1601ae544de85089adc4c464306d4
  MDFInternationalization: d697c55307816222a55685c4ccb1044ffb030c12
  Parse: 081fb8755c3000fd11df817eec235def233d0af3
  Reachability: 33e18b67625424e47b6cde6d202dce689ad7af96
  RZTransitions: 0e0013fda6989ee84dc5e44dca79fd539e1a975a
  "UITextField+Shake": 298ac5a0f239d731bdab999b19b628c956ca0ac3
  YelpAPI: 9ae0ee45b998d306c1aff9b2d966dc23121f191e

PODFILE CHECKSUM: 87cff5bafebcb906e28f368d533005c1d0b795a8

COCOAPODS: 1.10.1
