// !$*UTF8*$!
{
	archiveVersion = 1;
	classes = {
	};
	objectVersion = 51;
	objects = {

/* Begin PBXBuildFile section */
		59DA4ED2A44FBD131FB62425 /* Pods_FoodieTests.framework in Frameworks */ = {isa = PBXBuildFile; fileRef = FCA5F750211BF992CCD8D37A /* Pods_FoodieTests.framework */; };
		8A06BDCB268E216200A13382 /* AppDelegate.m in Sources */ = {isa = PBXBuildFile; fileRef = 8A06BDCA268E216200A13382 /* AppDelegate.m */; };
		8A06BDCE268E216200A13382 /* SceneDelegate.m in Sources */ = {isa = PBXBuildFile; fileRef = 8A06BDCD268E216200A13382 /* SceneDelegate.m */; };
		8A06BDD4268E216200A13382 /* Main.storyboard in Resources */ = {isa = PBXBuildFile; fileRef = 8A06BDD2268E216200A13382 /* Main.storyboard */; };
		8A06BDD6268E216400A13382 /* Assets.xcassets in Resources */ = {isa = PBXBuildFile; fileRef = 8A06BDD5268E216400A13382 /* Assets.xcassets */; };
		8A06BDD9268E216400A13382 /* LaunchScreen.storyboard in Resources */ = {isa = PBXBuildFile; fileRef = 8A06BDD7268E216400A13382 /* LaunchScreen.storyboard */; };
		8A06BDDC268E216400A13382 /* main.m in Sources */ = {isa = PBXBuildFile; fileRef = 8A06BDDB268E216400A13382 /* main.m */; };
		8A06BDE6268E216400A13382 /* FoodieTests.m in Sources */ = {isa = PBXBuildFile; fileRef = 8A06BDE5268E216400A13382 /* FoodieTests.m */; };
		8A06BDF1268E216400A13382 /* FoodieUITests.m in Sources */ = {isa = PBXBuildFile; fileRef = 8A06BDF0268E216400A13382 /* FoodieUITests.m */; };
		8A425C762698D37D000D7A79 /* RestaurantViewController.m in Sources */ = {isa = PBXBuildFile; fileRef = 8A425C752698D37D000D7A79 /* RestaurantViewController.m */; };
		8A425C792698D38C000D7A79 /* MyProfileViewController.m in Sources */ = {isa = PBXBuildFile; fileRef = 8A425C782698D38C000D7A79 /* MyProfileViewController.m */; };
		8A425C7C2698D48F000D7A79 /* RestaurantCell.m in Sources */ = {isa = PBXBuildFile; fileRef = 8A425C7B2698D48F000D7A79 /* RestaurantCell.m */; };
		8A425C7F2698D4BB000D7A79 /* LoginViewController.m in Sources */ = {isa = PBXBuildFile; fileRef = 8A425C7E2698D4BB000D7A79 /* LoginViewController.m */; };
		8A425C822698D653000D7A79 /* DetailViewController.m in Sources */ = {isa = PBXBuildFile; fileRef = 8A425C812698D653000D7A79 /* DetailViewController.m */; };
		8A425C852698D77C000D7A79 /* YelpAPIManager.m in Sources */ = {isa = PBXBuildFile; fileRef = 8A425C842698D77C000D7A79 /* YelpAPIManager.m */; };
		8A425C882698D7C1000D7A79 /* Restaurant.m in Sources */ = {isa = PBXBuildFile; fileRef = 8A425C872698D7C1000D7A79 /* Restaurant.m */; };
		8A425C8A2698E930000D7A79 /* Keys.plist in Resources */ = {isa = PBXBuildFile; fileRef = 8A425C892698E930000D7A79 /* Keys.plist */; };
		8A425C8D269CB29A000D7A79 /* RestaurantDetail.m in Sources */ = {isa = PBXBuildFile; fileRef = 8A425C8C269CB29A000D7A79 /* RestaurantDetail.m */; };
		8AA088B6269D2BB9004351FC /* WebKit.framework in Frameworks */ = {isa = PBXBuildFile; fileRef = 8AA088B5269D2BB9004351FC /* WebKit.framework */; };
		8AA088B9269D2BDA004351FC /* YelpViewController.m in Sources */ = {isa = PBXBuildFile; fileRef = 8AA088B8269D2BDA004351FC /* YelpViewController.m */; };
		8AA088BC269E0B5A004351FC /* MapViewController.m in Sources */ = {isa = PBXBuildFile; fileRef = 8AA088BB269E0B5A004351FC /* MapViewController.m */; };
		8AA088BE269E37D0004351FC /* CoreLocation.framework in Frameworks */ = {isa = PBXBuildFile; fileRef = 8AA088BD269E37D0004351FC /* CoreLocation.framework */; };
		8ACA07D426A0CF2F00D87F55 /* RestaurantBookmarkCell.m in Sources */ = {isa = PBXBuildFile; fileRef = 8ACA07D326A0CF2F00D87F55 /* RestaurantBookmarkCell.m */; };
		B9272DF2021C3A3A963EA9F8 /* Pods_Foodie_FoodieUITests.framework in Frameworks */ = {isa = PBXBuildFile; fileRef = 44E7D464BCF89E48C4B6AA40 /* Pods_Foodie_FoodieUITests.framework */; };
		DE1803EED51CF9B401A98E98 /* Pods_Foodie.framework in Frameworks */ = {isa = PBXBuildFile; fileRef = 1F80AD68F3A04A89403AE86D /* Pods_Foodie.framework */; };
/* End PBXBuildFile section */

/* Begin PBXContainerItemProxy section */
		8A06BDE2268E216400A13382 /* PBXContainerItemProxy */ = {
			isa = PBXContainerItemProxy;
			containerPortal = 8A06BDBE268E216200A13382 /* Project object */;
			proxyType = 1;
			remoteGlobalIDString = 8A06BDC5268E216200A13382;
			remoteInfo = Foodie;
		};
		8A06BDED268E216400A13382 /* PBXContainerItemProxy */ = {
			isa = PBXContainerItemProxy;
			containerPortal = 8A06BDBE268E216200A13382 /* Project object */;
			proxyType = 1;
			remoteGlobalIDString = 8A06BDC5268E216200A13382;
			remoteInfo = Foodie;
		};
/* End PBXContainerItemProxy section */

/* Begin PBXFileReference section */
		1F80AD68F3A04A89403AE86D /* Pods_Foodie.framework */ = {isa = PBXFileReference; explicitFileType = wrapper.framework; includeInIndex = 0; path = Pods_Foodie.framework; sourceTree = BUILT_PRODUCTS_DIR; };
		43B0DE10D395CCC317DDE1F9 /* Pods-Foodie.debug.xcconfig */ = {isa = PBXFileReference; includeInIndex = 1; lastKnownFileType = text.xcconfig; name = "Pods-Foodie.debug.xcconfig"; path = "Target Support Files/Pods-Foodie/Pods-Foodie.debug.xcconfig"; sourceTree = "<group>"; };
		44E7D464BCF89E48C4B6AA40 /* Pods_Foodie_FoodieUITests.framework */ = {isa = PBXFileReference; explicitFileType = wrapper.framework; includeInIndex = 0; path = Pods_Foodie_FoodieUITests.framework; sourceTree = BUILT_PRODUCTS_DIR; };
		662E932F39B8C5E01194BC8E /* Pods-FoodieTests.debug.xcconfig */ = {isa = PBXFileReference; includeInIndex = 1; lastKnownFileType = text.xcconfig; name = "Pods-FoodieTests.debug.xcconfig"; path = "Target Support Files/Pods-FoodieTests/Pods-FoodieTests.debug.xcconfig"; sourceTree = "<group>"; };
		8A06BDC6268E216200A13382 /* Foodie.app */ = {isa = PBXFileReference; explicitFileType = wrapper.application; includeInIndex = 0; path = Foodie.app; sourceTree = BUILT_PRODUCTS_DIR; };
		8A06BDC9268E216200A13382 /* AppDelegate.h */ = {isa = PBXFileReference; lastKnownFileType = sourcecode.c.h; path = AppDelegate.h; sourceTree = "<group>"; };
		8A06BDCA268E216200A13382 /* AppDelegate.m */ = {isa = PBXFileReference; lastKnownFileType = sourcecode.c.objc; path = AppDelegate.m; sourceTree = "<group>"; };
		8A06BDCC268E216200A13382 /* SceneDelegate.h */ = {isa = PBXFileReference; lastKnownFileType = sourcecode.c.h; path = SceneDelegate.h; sourceTree = "<group>"; };
		8A06BDCD268E216200A13382 /* SceneDelegate.m */ = {isa = PBXFileReference; lastKnownFileType = sourcecode.c.objc; path = SceneDelegate.m; sourceTree = "<group>"; };
		8A06BDD3268E216200A13382 /* Base */ = {isa = PBXFileReference; lastKnownFileType = file.storyboard; name = Base; path = Base.lproj/Main.storyboard; sourceTree = "<group>"; };
		8A06BDD5268E216400A13382 /* Assets.xcassets */ = {isa = PBXFileReference; lastKnownFileType = folder.assetcatalog; path = Assets.xcassets; sourceTree = "<group>"; };
		8A06BDD8268E216400A13382 /* Base */ = {isa = PBXFileReference; lastKnownFileType = file.storyboard; name = Base; path = Base.lproj/LaunchScreen.storyboard; sourceTree = "<group>"; };
		8A06BDDA268E216400A13382 /* Info.plist */ = {isa = PBXFileReference; lastKnownFileType = text.plist.xml; path = Info.plist; sourceTree = "<group>"; };
		8A06BDDB268E216400A13382 /* main.m */ = {isa = PBXFileReference; lastKnownFileType = sourcecode.c.objc; path = main.m; sourceTree = "<group>"; };
		8A06BDE1268E216400A13382 /* FoodieTests.xctest */ = {isa = PBXFileReference; explicitFileType = wrapper.cfbundle; includeInIndex = 0; path = FoodieTests.xctest; sourceTree = BUILT_PRODUCTS_DIR; };
		8A06BDE5268E216400A13382 /* FoodieTests.m */ = {isa = PBXFileReference; lastKnownFileType = sourcecode.c.objc; path = FoodieTests.m; sourceTree = "<group>"; };
		8A06BDE7268E216400A13382 /* Info.plist */ = {isa = PBXFileReference; lastKnownFileType = text.plist.xml; path = Info.plist; sourceTree = "<group>"; };
		8A06BDEC268E216400A13382 /* FoodieUITests.xctest */ = {isa = PBXFileReference; explicitFileType = wrapper.cfbundle; includeInIndex = 0; path = FoodieUITests.xctest; sourceTree = BUILT_PRODUCTS_DIR; };
		8A06BDF0268E216400A13382 /* FoodieUITests.m */ = {isa = PBXFileReference; lastKnownFileType = sourcecode.c.objc; path = FoodieUITests.m; sourceTree = "<group>"; };
		8A06BDF2268E216400A13382 /* Info.plist */ = {isa = PBXFileReference; lastKnownFileType = text.plist.xml; path = Info.plist; sourceTree = "<group>"; };
		8A425C742698D37D000D7A79 /* RestaurantViewController.h */ = {isa = PBXFileReference; lastKnownFileType = sourcecode.c.h; path = RestaurantViewController.h; sourceTree = "<group>"; };
		8A425C752698D37D000D7A79 /* RestaurantViewController.m */ = {isa = PBXFileReference; lastKnownFileType = sourcecode.c.objc; path = RestaurantViewController.m; sourceTree = "<group>"; };
		8A425C772698D38C000D7A79 /* MyProfileViewController.h */ = {isa = PBXFileReference; lastKnownFileType = sourcecode.c.h; path = MyProfileViewController.h; sourceTree = "<group>"; };
		8A425C782698D38C000D7A79 /* MyProfileViewController.m */ = {isa = PBXFileReference; lastKnownFileType = sourcecode.c.objc; path = MyProfileViewController.m; sourceTree = "<group>"; };
		8A425C7A2698D48F000D7A79 /* RestaurantCell.h */ = {isa = PBXFileReference; lastKnownFileType = sourcecode.c.h; path = RestaurantCell.h; sourceTree = "<group>"; };
		8A425C7B2698D48F000D7A79 /* RestaurantCell.m */ = {isa = PBXFileReference; lastKnownFileType = sourcecode.c.objc; path = RestaurantCell.m; sourceTree = "<group>"; };
		8A425C7D2698D4BB000D7A79 /* LoginViewController.h */ = {isa = PBXFileReference; lastKnownFileType = sourcecode.c.h; path = LoginViewController.h; sourceTree = "<group>"; };
		8A425C7E2698D4BB000D7A79 /* LoginViewController.m */ = {isa = PBXFileReference; lastKnownFileType = sourcecode.c.objc; path = LoginViewController.m; sourceTree = "<group>"; };
		8A425C802698D653000D7A79 /* DetailViewController.h */ = {isa = PBXFileReference; lastKnownFileType = sourcecode.c.h; path = DetailViewController.h; sourceTree = "<group>"; };
		8A425C812698D653000D7A79 /* DetailViewController.m */ = {isa = PBXFileReference; lastKnownFileType = sourcecode.c.objc; path = DetailViewController.m; sourceTree = "<group>"; };
		8A425C832698D77C000D7A79 /* YelpAPIManager.h */ = {isa = PBXFileReference; lastKnownFileType = sourcecode.c.h; path = YelpAPIManager.h; sourceTree = "<group>"; };
		8A425C842698D77C000D7A79 /* YelpAPIManager.m */ = {isa = PBXFileReference; lastKnownFileType = sourcecode.c.objc; path = YelpAPIManager.m; sourceTree = "<group>"; };
		8A425C862698D7C1000D7A79 /* Restaurant.h */ = {isa = PBXFileReference; lastKnownFileType = sourcecode.c.h; path = Restaurant.h; sourceTree = "<group>"; };
		8A425C872698D7C1000D7A79 /* Restaurant.m */ = {isa = PBXFileReference; lastKnownFileType = sourcecode.c.objc; path = Restaurant.m; sourceTree = "<group>"; };
		8A425C892698E930000D7A79 /* Keys.plist */ = {isa = PBXFileReference; lastKnownFileType = text.plist.xml; path = Keys.plist; sourceTree = "<group>"; };
		8A425C8B269CB29A000D7A79 /* RestaurantDetail.h */ = {isa = PBXFileReference; lastKnownFileType = sourcecode.c.h; path = RestaurantDetail.h; sourceTree = "<group>"; };
		8A425C8C269CB29A000D7A79 /* RestaurantDetail.m */ = {isa = PBXFileReference; lastKnownFileType = sourcecode.c.objc; path = RestaurantDetail.m; sourceTree = "<group>"; };
		8AA088B5269D2BB9004351FC /* WebKit.framework */ = {isa = PBXFileReference; lastKnownFileType = wrapper.framework; name = WebKit.framework; path = System/Library/Frameworks/WebKit.framework; sourceTree = SDKROOT; };
		8AA088B7269D2BDA004351FC /* YelpViewController.h */ = {isa = PBXFileReference; lastKnownFileType = sourcecode.c.h; path = YelpViewController.h; sourceTree = "<group>"; };
		8AA088B8269D2BDA004351FC /* YelpViewController.m */ = {isa = PBXFileReference; lastKnownFileType = sourcecode.c.objc; path = YelpViewController.m; sourceTree = "<group>"; };
		8AA088BA269E0B5A004351FC /* MapViewController.h */ = {isa = PBXFileReference; lastKnownFileType = sourcecode.c.h; path = MapViewController.h; sourceTree = "<group>"; };
		8AA088BB269E0B5A004351FC /* MapViewController.m */ = {isa = PBXFileReference; lastKnownFileType = sourcecode.c.objc; path = MapViewController.m; sourceTree = "<group>"; };
		8AA088BD269E37D0004351FC /* CoreLocation.framework */ = {isa = PBXFileReference; lastKnownFileType = wrapper.framework; name = CoreLocation.framework; path = System/Library/Frameworks/CoreLocation.framework; sourceTree = SDKROOT; };
		8ACA07D226A0CF2F00D87F55 /* RestaurantBookmarkCell.h */ = {isa = PBXFileReference; lastKnownFileType = sourcecode.c.h; path = RestaurantBookmarkCell.h; sourceTree = "<group>"; };
		8ACA07D326A0CF2F00D87F55 /* RestaurantBookmarkCell.m */ = {isa = PBXFileReference; lastKnownFileType = sourcecode.c.objc; path = RestaurantBookmarkCell.m; sourceTree = "<group>"; };
		AEA169FC7C5F8B8EDBD86F30 /* Pods-Foodie.release.xcconfig */ = {isa = PBXFileReference; includeInIndex = 1; lastKnownFileType = text.xcconfig; name = "Pods-Foodie.release.xcconfig"; path = "Target Support Files/Pods-Foodie/Pods-Foodie.release.xcconfig"; sourceTree = "<group>"; };
		B0101693DE2FF6A26F7A9E7C /* Pods-Foodie-FoodieUITests.release.xcconfig */ = {isa = PBXFileReference; includeInIndex = 1; lastKnownFileType = text.xcconfig; name = "Pods-Foodie-FoodieUITests.release.xcconfig"; path = "Target Support Files/Pods-Foodie-FoodieUITests/Pods-Foodie-FoodieUITests.release.xcconfig"; sourceTree = "<group>"; };
		B3725B4F03FE35156DBD8CB8 /* Pods-Foodie-FoodieUITests.debug.xcconfig */ = {isa = PBXFileReference; includeInIndex = 1; lastKnownFileType = text.xcconfig; name = "Pods-Foodie-FoodieUITests.debug.xcconfig"; path = "Target Support Files/Pods-Foodie-FoodieUITests/Pods-Foodie-FoodieUITests.debug.xcconfig"; sourceTree = "<group>"; };
		B87994DD9AAF6EDA0E9A56AA /* Pods-FoodieTests.release.xcconfig */ = {isa = PBXFileReference; includeInIndex = 1; lastKnownFileType = text.xcconfig; name = "Pods-FoodieTests.release.xcconfig"; path = "Target Support Files/Pods-FoodieTests/Pods-FoodieTests.release.xcconfig"; sourceTree = "<group>"; };
		FCA5F750211BF992CCD8D37A /* Pods_FoodieTests.framework */ = {isa = PBXFileReference; explicitFileType = wrapper.framework; includeInIndex = 0; path = Pods_FoodieTests.framework; sourceTree = BUILT_PRODUCTS_DIR; };
/* End PBXFileReference section */

/* Begin PBXFrameworksBuildPhase section */
		8A06BDC3268E216200A13382 /* Frameworks */ = {
			isa = PBXFrameworksBuildPhase;
			buildActionMask = 2147483647;
			files = (
				8AA088BE269E37D0004351FC /* CoreLocation.framework in Frameworks */,
				8AA088B6269D2BB9004351FC /* WebKit.framework in Frameworks */,
				DE1803EED51CF9B401A98E98 /* Pods_Foodie.framework in Frameworks */,
			);
			runOnlyForDeploymentPostprocessing = 0;
		};
		8A06BDDE268E216400A13382 /* Frameworks */ = {
			isa = PBXFrameworksBuildPhase;
			buildActionMask = 2147483647;
			files = (
				59DA4ED2A44FBD131FB62425 /* Pods_FoodieTests.framework in Frameworks */,
			);
			runOnlyForDeploymentPostprocessing = 0;
		};
		8A06BDE9268E216400A13382 /* Frameworks */ = {
			isa = PBXFrameworksBuildPhase;
			buildActionMask = 2147483647;
			files = (
				B9272DF2021C3A3A963EA9F8 /* Pods_Foodie_FoodieUITests.framework in Frameworks */,
			);
			runOnlyForDeploymentPostprocessing = 0;
		};
/* End PBXFrameworksBuildPhase section */

/* Begin PBXGroup section */
		024075A2F5834F40F201B71C /* Pods */ = {
			isa = PBXGroup;
			children = (
				43B0DE10D395CCC317DDE1F9 /* Pods-Foodie.debug.xcconfig */,
				AEA169FC7C5F8B8EDBD86F30 /* Pods-Foodie.release.xcconfig */,
				B3725B4F03FE35156DBD8CB8 /* Pods-Foodie-FoodieUITests.debug.xcconfig */,
				B0101693DE2FF6A26F7A9E7C /* Pods-Foodie-FoodieUITests.release.xcconfig */,
				662E932F39B8C5E01194BC8E /* Pods-FoodieTests.debug.xcconfig */,
				B87994DD9AAF6EDA0E9A56AA /* Pods-FoodieTests.release.xcconfig */,
			);
			path = Pods;
			sourceTree = "<group>";
		};
		62AB807600183C70A9E80F3B /* Frameworks */ = {
			isa = PBXGroup;
			children = (
				8AA088BD269E37D0004351FC /* CoreLocation.framework */,
				8AA088B5269D2BB9004351FC /* WebKit.framework */,
				1F80AD68F3A04A89403AE86D /* Pods_Foodie.framework */,
				44E7D464BCF89E48C4B6AA40 /* Pods_Foodie_FoodieUITests.framework */,
				FCA5F750211BF992CCD8D37A /* Pods_FoodieTests.framework */,
			);
			name = Frameworks;
			sourceTree = "<group>";
		};
		8A06BDBD268E216200A13382 = {
			isa = PBXGroup;
			children = (
				8A06BDC8268E216200A13382 /* Foodie */,
				8A06BDE4268E216400A13382 /* FoodieTests */,
				8A06BDEF268E216400A13382 /* FoodieUITests */,
				8A06BDC7268E216200A13382 /* Products */,
				024075A2F5834F40F201B71C /* Pods */,
				62AB807600183C70A9E80F3B /* Frameworks */,
			);
			sourceTree = "<group>";
		};
		8A06BDC7268E216200A13382 /* Products */ = {
			isa = PBXGroup;
			children = (
				8A06BDC6268E216200A13382 /* Foodie.app */,
				8A06BDE1268E216400A13382 /* FoodieTests.xctest */,
				8A06BDEC268E216400A13382 /* FoodieUITests.xctest */,
			);
			name = Products;
			sourceTree = "<group>";
		};
		8A06BDC8268E216200A13382 /* Foodie */ = {
			isa = PBXGroup;
			children = (
				8A425C2F2698C03D000D7A79 /* Model */,
				8A425C322698C06E000D7A79 /* API */,
				8A425C312698C05F000D7A79 /* Views */,
				8A425C302698C044000D7A79 /* ViewController */,
				8A06BDC9268E216200A13382 /* AppDelegate.h */,
				8A06BDCA268E216200A13382 /* AppDelegate.m */,
				8A06BDCC268E216200A13382 /* SceneDelegate.h */,
				8A06BDCD268E216200A13382 /* SceneDelegate.m */,
				8A06BDD2268E216200A13382 /* Main.storyboard */,
				8A06BDD5268E216400A13382 /* Assets.xcassets */,
				8A06BDD7268E216400A13382 /* LaunchScreen.storyboard */,
				8A06BDDA268E216400A13382 /* Info.plist */,
				8A06BDDB268E216400A13382 /* main.m */,
				8A425C892698E930000D7A79 /* Keys.plist */,
			);
			path = Foodie;
			sourceTree = "<group>";
		};
		8A06BDE4268E216400A13382 /* FoodieTests */ = {
			isa = PBXGroup;
			children = (
				8A06BDE5268E216400A13382 /* FoodieTests.m */,
				8A06BDE7268E216400A13382 /* Info.plist */,
			);
			path = FoodieTests;
			sourceTree = "<group>";
		};
		8A06BDEF268E216400A13382 /* FoodieUITests */ = {
			isa = PBXGroup;
			children = (
				8A06BDF0268E216400A13382 /* FoodieUITests.m */,
				8A06BDF2268E216400A13382 /* Info.plist */,
			);
			path = FoodieUITests;
			sourceTree = "<group>";
		};
		8A425C2F2698C03D000D7A79 /* Model */ = {
			isa = PBXGroup;
			children = (
				8A425C862698D7C1000D7A79 /* Restaurant.h */,
				8A425C872698D7C1000D7A79 /* Restaurant.m */,
				8A425C8B269CB29A000D7A79 /* RestaurantDetail.h */,
				8A425C8C269CB29A000D7A79 /* RestaurantDetail.m */,
			);
			path = Model;
			sourceTree = "<group>";
		};
		8A425C302698C044000D7A79 /* ViewController */ = {
			isa = PBXGroup;
			children = (
				8A425C742698D37D000D7A79 /* RestaurantViewController.h */,
				8A425C752698D37D000D7A79 /* RestaurantViewController.m */,
				8A425C772698D38C000D7A79 /* MyProfileViewController.h */,
				8A425C782698D38C000D7A79 /* MyProfileViewController.m */,
				8A425C7D2698D4BB000D7A79 /* LoginViewController.h */,
				8A425C7E2698D4BB000D7A79 /* LoginViewController.m */,
				8A425C802698D653000D7A79 /* DetailViewController.h */,
				8A425C812698D653000D7A79 /* DetailViewController.m */,
				8AA088B7269D2BDA004351FC /* YelpViewController.h */,
				8AA088B8269D2BDA004351FC /* YelpViewController.m */,
				8AA088BA269E0B5A004351FC /* MapViewController.h */,
				8AA088BB269E0B5A004351FC /* MapViewController.m */,
			);
			path = ViewController;
			sourceTree = "<group>";
		};
		8A425C312698C05F000D7A79 /* Views */ = {
			isa = PBXGroup;
			children = (
				8A425C7A2698D48F000D7A79 /* RestaurantCell.h */,
				8A425C7B2698D48F000D7A79 /* RestaurantCell.m */,
				8ACA07D226A0CF2F00D87F55 /* RestaurantBookmarkCell.h */,
				8ACA07D326A0CF2F00D87F55 /* RestaurantBookmarkCell.m */,
			);
			path = Views;
			sourceTree = "<group>";
		};
		8A425C322698C06E000D7A79 /* API */ = {
			isa = PBXGroup;
			children = (
				8A425C832698D77C000D7A79 /* YelpAPIManager.h */,
				8A425C842698D77C000D7A79 /* YelpAPIManager.m */,
			);
			path = API;
			sourceTree = "<group>";
		};
/* End PBXGroup section */

/* Begin PBXNativeTarget section */
		8A06BDC5268E216200A13382 /* Foodie */ = {
			isa = PBXNativeTarget;
			buildConfigurationList = 8A06BDF5268E216400A13382 /* Build configuration list for PBXNativeTarget "Foodie" */;
			buildPhases = (
				422D95753AFF469DA9D5B736 /* [CP] Check Pods Manifest.lock */,
				8A06BDC2268E216200A13382 /* Sources */,
				8A06BDC3268E216200A13382 /* Frameworks */,
				8A06BDC4268E216200A13382 /* Resources */,
				4079A0C4D382BB20BED47432 /* [CP] Embed Pods Frameworks */,
				052BE9A30B0548032B90236E /* [CP] Copy Pods Resources */,
			);
			buildRules = (
			);
			dependencies = (
			);
			name = Foodie;
			productName = Foodie;
			productReference = 8A06BDC6268E216200A13382 /* Foodie.app */;
			productType = "com.apple.product-type.application";
		};
		8A06BDE0268E216400A13382 /* FoodieTests */ = {
			isa = PBXNativeTarget;
			buildConfigurationList = 8A06BDF8268E216400A13382 /* Build configuration list for PBXNativeTarget "FoodieTests" */;
			buildPhases = (
				CC10718979BBCEFE26DBE6D8 /* [CP] Check Pods Manifest.lock */,
				8A06BDDD268E216400A13382 /* Sources */,
				8A06BDDE268E216400A13382 /* Frameworks */,
				8A06BDDF268E216400A13382 /* Resources */,
			);
			buildRules = (
			);
			dependencies = (
				8A06BDE3268E216400A13382 /* PBXTargetDependency */,
			);
			name = FoodieTests;
			productName = FoodieTests;
			productReference = 8A06BDE1268E216400A13382 /* FoodieTests.xctest */;
			productType = "com.apple.product-type.bundle.unit-test";
		};
		8A06BDEB268E216400A13382 /* FoodieUITests */ = {
			isa = PBXNativeTarget;
			buildConfigurationList = 8A06BDFB268E216400A13382 /* Build configuration list for PBXNativeTarget "FoodieUITests" */;
			buildPhases = (
				F040D93112CA38F59B6F5B89 /* [CP] Check Pods Manifest.lock */,
				8A06BDE8268E216400A13382 /* Sources */,
				8A06BDE9268E216400A13382 /* Frameworks */,
				8A06BDEA268E216400A13382 /* Resources */,
				F1706A31A494D4D4767EFD2A /* [CP] Embed Pods Frameworks */,
				28C33A5128A23E4D50A36C8A /* [CP] Copy Pods Resources */,
			);
			buildRules = (
			);
			dependencies = (
				8A06BDEE268E216400A13382 /* PBXTargetDependency */,
			);
			name = FoodieUITests;
			productName = FoodieUITests;
			productReference = 8A06BDEC268E216400A13382 /* FoodieUITests.xctest */;
			productType = "com.apple.product-type.bundle.ui-testing";
		};
/* End PBXNativeTarget section */

/* Begin PBXProject section */
		8A06BDBE268E216200A13382 /* Project object */ = {
			isa = PBXProject;
			attributes = {
				LastUpgradeCheck = 1250;
				TargetAttributes = {
					8A06BDC5268E216200A13382 = {
						CreatedOnToolsVersion = 12.5.1;
					};
					8A06BDE0268E216400A13382 = {
						CreatedOnToolsVersion = 12.5.1;
						TestTargetID = 8A06BDC5268E216200A13382;
					};
					8A06BDEB268E216400A13382 = {
						CreatedOnToolsVersion = 12.5.1;
						TestTargetID = 8A06BDC5268E216200A13382;
					};
				};
			};
			buildConfigurationList = 8A06BDC1268E216200A13382 /* Build configuration list for PBXProject "Foodie" */;
			compatibilityVersion = "Xcode 9.3";
			developmentRegion = en;
			hasScannedForEncodings = 0;
			knownRegions = (
				en,
				Base,
			);
			mainGroup = 8A06BDBD268E216200A13382;
			productRefGroup = 8A06BDC7268E216200A13382 /* Products */;
			projectDirPath = "";
			projectRoot = "";
			targets = (
				8A06BDC5268E216200A13382 /* Foodie */,
				8A06BDE0268E216400A13382 /* FoodieTests */,
				8A06BDEB268E216400A13382 /* FoodieUITests */,
			);
		};
/* End PBXProject section */

/* Begin PBXResourcesBuildPhase section */
		8A06BDC4268E216200A13382 /* Resources */ = {
			isa = PBXResourcesBuildPhase;
			buildActionMask = 2147483647;
			files = (
				8A425C8A2698E930000D7A79 /* Keys.plist in Resources */,
				8A06BDD9268E216400A13382 /* LaunchScreen.storyboard in Resources */,
				8A06BDD6268E216400A13382 /* Assets.xcassets in Resources */,
				8A06BDD4268E216200A13382 /* Main.storyboard in Resources */,
			);
			runOnlyForDeploymentPostprocessing = 0;
		};
		8A06BDDF268E216400A13382 /* Resources */ = {
			isa = PBXResourcesBuildPhase;
			buildActionMask = 2147483647;
			files = (
			);
			runOnlyForDeploymentPostprocessing = 0;
		};
		8A06BDEA268E216400A13382 /* Resources */ = {
			isa = PBXResourcesBuildPhase;
			buildActionMask = 2147483647;
			files = (
			);
			runOnlyForDeploymentPostprocessing = 0;
		};
/* End PBXResourcesBuildPhase section */

/* Begin PBXShellScriptBuildPhase section */
		052BE9A30B0548032B90236E /* [CP] Copy Pods Resources */ = {
			isa = PBXShellScriptBuildPhase;
			buildActionMask = 2147483647;
			files = (
			);
			inputFileListPaths = (
				"${PODS_ROOT}/Target Support Files/Pods-Foodie/Pods-Foodie-resources-${CONFIGURATION}-input-files.xcfilelist",
			);
			name = "[CP] Copy Pods Resources";
			outputFileListPaths = (
				"${PODS_ROOT}/Target Support Files/Pods-Foodie/Pods-Foodie-resources-${CONFIGURATION}-output-files.xcfilelist",
			);
			runOnlyForDeploymentPostprocessing = 0;
			shellPath = /bin/sh;
			shellScript = "\"${PODS_ROOT}/Target Support Files/Pods-Foodie/Pods-Foodie-resources.sh\"\n";
			showEnvVarsInLog = 0;
		};
		28C33A5128A23E4D50A36C8A /* [CP] Copy Pods Resources */ = {
			isa = PBXShellScriptBuildPhase;
			buildActionMask = 2147483647;
			files = (
			);
			inputFileListPaths = (
				"${PODS_ROOT}/Target Support Files/Pods-Foodie-FoodieUITests/Pods-Foodie-FoodieUITests-resources-${CONFIGURATION}-input-files.xcfilelist",
			);
			name = "[CP] Copy Pods Resources";
			outputFileListPaths = (
				"${PODS_ROOT}/Target Support Files/Pods-Foodie-FoodieUITests/Pods-Foodie-FoodieUITests-resources-${CONFIGURATION}-output-files.xcfilelist",
			);
			runOnlyForDeploymentPostprocessing = 0;
			shellPath = /bin/sh;
			shellScript = "\"${PODS_ROOT}/Target Support Files/Pods-Foodie-FoodieUITests/Pods-Foodie-FoodieUITests-resources.sh\"\n";
			showEnvVarsInLog = 0;
		};
		4079A0C4D382BB20BED47432 /* [CP] Embed Pods Frameworks */ = {
			isa = PBXShellScriptBuildPhase;
			buildActionMask = 2147483647;
			files = (
			);
			inputFileListPaths = (
				"${PODS_ROOT}/Target Support Files/Pods-Foodie/Pods-Foodie-frameworks-${CONFIGURATION}-input-files.xcfilelist",
			);
			name = "[CP] Embed Pods Frameworks";
			outputFileListPaths = (
				"${PODS_ROOT}/Target Support Files/Pods-Foodie/Pods-Foodie-frameworks-${CONFIGURATION}-output-files.xcfilelist",
			);
			runOnlyForDeploymentPostprocessing = 0;
			shellPath = /bin/sh;
			shellScript = "\"${PODS_ROOT}/Target Support Files/Pods-Foodie/Pods-Foodie-frameworks.sh\"\n";
			showEnvVarsInLog = 0;
		};
		422D95753AFF469DA9D5B736 /* [CP] Check Pods Manifest.lock */ = {
			isa = PBXShellScriptBuildPhase;
			buildActionMask = 2147483647;
			files = (
			);
			inputFileListPaths = (
			);
			inputPaths = (
				"${PODS_PODFILE_DIR_PATH}/Podfile.lock",
				"${PODS_ROOT}/Manifest.lock",
			);
			name = "[CP] Check Pods Manifest.lock";
			outputFileListPaths = (
			);
			outputPaths = (
				"$(DERIVED_FILE_DIR)/Pods-Foodie-checkManifestLockResult.txt",
			);
			runOnlyForDeploymentPostprocessing = 0;
			shellPath = /bin/sh;
			shellScript = "diff \"${PODS_PODFILE_DIR_PATH}/Podfile.lock\" \"${PODS_ROOT}/Manifest.lock\" > /dev/null\nif [ $? != 0 ] ; then\n    # print error to STDERR\n    echo \"error: The sandbox is not in sync with the Podfile.lock. Run 'pod install' or update your CocoaPods installation.\" >&2\n    exit 1\nfi\n# This output is used by Xcode 'outputs' to avoid re-running this script phase.\necho \"SUCCESS\" > \"${SCRIPT_OUTPUT_FILE_0}\"\n";
			showEnvVarsInLog = 0;
		};
		CC10718979BBCEFE26DBE6D8 /* [CP] Check Pods Manifest.lock */ = {
			isa = PBXShellScriptBuildPhase;
			buildActionMask = 2147483647;
			files = (
			);
			inputFileListPaths = (
			);
			inputPaths = (
				"${PODS_PODFILE_DIR_PATH}/Podfile.lock",
				"${PODS_ROOT}/Manifest.lock",
			);
			name = "[CP] Check Pods Manifest.lock";
			outputFileListPaths = (
			);
			outputPaths = (
				"$(DERIVED_FILE_DIR)/Pods-FoodieTests-checkManifestLockResult.txt",
			);
			runOnlyForDeploymentPostprocessing = 0;
			shellPath = /bin/sh;
			shellScript = "diff \"${PODS_PODFILE_DIR_PATH}/Podfile.lock\" \"${PODS_ROOT}/Manifest.lock\" > /dev/null\nif [ $? != 0 ] ; then\n    # print error to STDERR\n    echo \"error: The sandbox is not in sync with the Podfile.lock. Run 'pod install' or update your CocoaPods installation.\" >&2\n    exit 1\nfi\n# This output is used by Xcode 'outputs' to avoid re-running this script phase.\necho \"SUCCESS\" > \"${SCRIPT_OUTPUT_FILE_0}\"\n";
			showEnvVarsInLog = 0;
		};
		F040D93112CA38F59B6F5B89 /* [CP] Check Pods Manifest.lock */ = {
			isa = PBXShellScriptBuildPhase;
			buildActionMask = 2147483647;
			files = (
			);
			inputFileListPaths = (
			);
			inputPaths = (
				"${PODS_PODFILE_DIR_PATH}/Podfile.lock",
				"${PODS_ROOT}/Manifest.lock",
			);
			name = "[CP] Check Pods Manifest.lock";
			outputFileListPaths = (
			);
			outputPaths = (
				"$(DERIVED_FILE_DIR)/Pods-Foodie-FoodieUITests-checkManifestLockResult.txt",
			);
			runOnlyForDeploymentPostprocessing = 0;
			shellPath = /bin/sh;
			shellScript = "diff \"${PODS_PODFILE_DIR_PATH}/Podfile.lock\" \"${PODS_ROOT}/Manifest.lock\" > /dev/null\nif [ $? != 0 ] ; then\n    # print error to STDERR\n    echo \"error: The sandbox is not in sync with the Podfile.lock. Run 'pod install' or update your CocoaPods installation.\" >&2\n    exit 1\nfi\n# This output is used by Xcode 'outputs' to avoid re-running this script phase.\necho \"SUCCESS\" > \"${SCRIPT_OUTPUT_FILE_0}\"\n";
			showEnvVarsInLog = 0;
		};
		F1706A31A494D4D4767EFD2A /* [CP] Embed Pods Frameworks */ = {
			isa = PBXShellScriptBuildPhase;
			buildActionMask = 2147483647;
			files = (
			);
			inputFileListPaths = (
				"${PODS_ROOT}/Target Support Files/Pods-Foodie-FoodieUITests/Pods-Foodie-FoodieUITests-frameworks-${CONFIGURATION}-input-files.xcfilelist",
			);
			name = "[CP] Embed Pods Frameworks";
			outputFileListPaths = (
				"${PODS_ROOT}/Target Support Files/Pods-Foodie-FoodieUITests/Pods-Foodie-FoodieUITests-frameworks-${CONFIGURATION}-output-files.xcfilelist",
			);
			runOnlyForDeploymentPostprocessing = 0;
			shellPath = /bin/sh;
			shellScript = "\"${PODS_ROOT}/Target Support Files/Pods-Foodie-FoodieUITests/Pods-Foodie-FoodieUITests-frameworks.sh\"\n";
			showEnvVarsInLog = 0;
		};
/* End PBXShellScriptBuildPhase section */

/* Begin PBXSourcesBuildPhase section */
		8A06BDC2268E216200A13382 /* Sources */ = {
			isa = PBXSourcesBuildPhase;
			buildActionMask = 2147483647;
			files = (
				8ACA07D426A0CF2F00D87F55 /* RestaurantBookmarkCell.m in Sources */,
				8A06BDCB268E216200A13382 /* AppDelegate.m in Sources */,
				8A06BDDC268E216400A13382 /* main.m in Sources */,
				8A425C852698D77C000D7A79 /* YelpAPIManager.m in Sources */,
				8A425C8D269CB29A000D7A79 /* RestaurantDetail.m in Sources */,
				8A425C7C2698D48F000D7A79 /* RestaurantCell.m in Sources */,
				8A425C822698D653000D7A79 /* DetailViewController.m in Sources */,
				8A06BDCE268E216200A13382 /* SceneDelegate.m in Sources */,
				8AA088BC269E0B5A004351FC /* MapViewController.m in Sources */,
				8A425C882698D7C1000D7A79 /* Restaurant.m in Sources */,
				8AA088B9269D2BDA004351FC /* YelpViewController.m in Sources */,
				8A425C7F2698D4BB000D7A79 /* LoginViewController.m in Sources */,
				8A425C792698D38C000D7A79 /* MyProfileViewController.m in Sources */,
				8A425C762698D37D000D7A79 /* RestaurantViewController.m in Sources */,
			);
			runOnlyForDeploymentPostprocessing = 0;
		};
		8A06BDDD268E216400A13382 /* Sources */ = {
			isa = PBXSourcesBuildPhase;
			buildActionMask = 2147483647;
			files = (
				8A06BDE6268E216400A13382 /* FoodieTests.m in Sources */,
			);
			runOnlyForDeploymentPostprocessing = 0;
		};
		8A06BDE8268E216400A13382 /* Sources */ = {
			isa = PBXSourcesBuildPhase;
			buildActionMask = 2147483647;
			files = (
				8A06BDF1268E216400A13382 /* FoodieUITests.m in Sources */,
			);
			runOnlyForDeploymentPostprocessing = 0;
		};
/* End PBXSourcesBuildPhase section */

/* Begin PBXTargetDependency section */
		8A06BDE3268E216400A13382 /* PBXTargetDependency */ = {
			isa = PBXTargetDependency;
			target = 8A06BDC5268E216200A13382 /* Foodie */;
			targetProxy = 8A06BDE2268E216400A13382 /* PBXContainerItemProxy */;
		};
		8A06BDEE268E216400A13382 /* PBXTargetDependency */ = {
			isa = PBXTargetDependency;
			target = 8A06BDC5268E216200A13382 /* Foodie */;
			targetProxy = 8A06BDED268E216400A13382 /* PBXContainerItemProxy */;
		};
/* End PBXTargetDependency section */

/* Begin PBXVariantGroup section */
		8A06BDD2268E216200A13382 /* Main.storyboard */ = {
			isa = PBXVariantGroup;
			children = (
				8A06BDD3268E216200A13382 /* Base */,
			);
			name = Main.storyboard;
			sourceTree = "<group>";
		};
		8A06BDD7268E216400A13382 /* LaunchScreen.storyboard */ = {
			isa = PBXVariantGroup;
			children = (
				8A06BDD8268E216400A13382 /* Base */,
			);
			name = LaunchScreen.storyboard;
			sourceTree = "<group>";
		};
/* End PBXVariantGroup section */

/* Begin XCBuildConfiguration section */
		8A06BDF3268E216400A13382 /* Debug */ = {
			isa = XCBuildConfiguration;
			buildSettings = {
				ALWAYS_SEARCH_USER_PATHS = NO;
				CLANG_ANALYZER_NONNULL = YES;
				CLANG_ANALYZER_NUMBER_OBJECT_CONVERSION = YES_AGGRESSIVE;
				CLANG_CXX_LANGUAGE_STANDARD = "gnu++14";
				CLANG_CXX_LIBRARY = "libc++";
				CLANG_ENABLE_MODULES = YES;
				CLANG_ENABLE_OBJC_ARC = YES;
				CLANG_ENABLE_OBJC_WEAK = YES;
				CLANG_WARN_BLOCK_CAPTURE_AUTORELEASING = YES;
				CLANG_WARN_BOOL_CONVERSION = YES;
				CLANG_WARN_COMMA = YES;
				CLANG_WARN_CONSTANT_CONVERSION = YES;
				CLANG_WARN_DEPRECATED_OBJC_IMPLEMENTATIONS = YES;
				CLANG_WARN_DIRECT_OBJC_ISA_USAGE = YES_ERROR;
				CLANG_WARN_DOCUMENTATION_COMMENTS = YES;
				CLANG_WARN_EMPTY_BODY = YES;
				CLANG_WARN_ENUM_CONVERSION = YES;
				CLANG_WARN_INFINITE_RECURSION = YES;
				CLANG_WARN_INT_CONVERSION = YES;
				CLANG_WARN_NON_LITERAL_NULL_CONVERSION = YES;
				CLANG_WARN_OBJC_IMPLICIT_RETAIN_SELF = YES;
				CLANG_WARN_OBJC_LITERAL_CONVERSION = YES;
				CLANG_WARN_OBJC_ROOT_CLASS = YES_ERROR;
				CLANG_WARN_QUOTED_INCLUDE_IN_FRAMEWORK_HEADER = YES;
				CLANG_WARN_RANGE_LOOP_ANALYSIS = YES;
				CLANG_WARN_STRICT_PROTOTYPES = YES;
				CLANG_WARN_SUSPICIOUS_MOVE = YES;
				CLANG_WARN_UNGUARDED_AVAILABILITY = YES_AGGRESSIVE;
				CLANG_WARN_UNREACHABLE_CODE = YES;
				CLANG_WARN__DUPLICATE_METHOD_MATCH = YES;
				COPY_PHASE_STRIP = NO;
				DEBUG_INFORMATION_FORMAT = dwarf;
				ENABLE_STRICT_OBJC_MSGSEND = YES;
				ENABLE_TESTABILITY = YES;
				GCC_C_LANGUAGE_STANDARD = gnu11;
				GCC_DYNAMIC_NO_PIC = NO;
				GCC_NO_COMMON_BLOCKS = YES;
				GCC_OPTIMIZATION_LEVEL = 0;
				GCC_PREPROCESSOR_DEFINITIONS = (
					"DEBUG=1",
					"$(inherited)",
				);
				GCC_WARN_64_TO_32_BIT_CONVERSION = YES;
				GCC_WARN_ABOUT_RETURN_TYPE = YES_ERROR;
				GCC_WARN_UNDECLARED_SELECTOR = YES;
				GCC_WARN_UNINITIALIZED_AUTOS = YES_AGGRESSIVE;
				GCC_WARN_UNUSED_FUNCTION = YES;
				GCC_WARN_UNUSED_VARIABLE = YES;
				IPHONEOS_DEPLOYMENT_TARGET = 14.5;
				MTL_ENABLE_DEBUG_INFO = INCLUDE_SOURCE;
				MTL_FAST_MATH = YES;
				ONLY_ACTIVE_ARCH = YES;
				SDKROOT = iphoneos;
			};
			name = Debug;
		};
		8A06BDF4268E216400A13382 /* Release */ = {
			isa = XCBuildConfiguration;
			buildSettings = {
				ALWAYS_SEARCH_USER_PATHS = NO;
				CLANG_ANALYZER_NONNULL = YES;
				CLANG_ANALYZER_NUMBER_OBJECT_CONVERSION = YES_AGGRESSIVE;
				CLANG_CXX_LANGUAGE_STANDARD = "gnu++14";
				CLANG_CXX_LIBRARY = "libc++";
				CLANG_ENABLE_MODULES = YES;
				CLANG_ENABLE_OBJC_ARC = YES;
				CLANG_ENABLE_OBJC_WEAK = YES;
				CLANG_WARN_BLOCK_CAPTURE_AUTORELEASING = YES;
				CLANG_WARN_BOOL_CONVERSION = YES;
				CLANG_WARN_COMMA = YES;
				CLANG_WARN_CONSTANT_CONVERSION = YES;
				CLANG_WARN_DEPRECATED_OBJC_IMPLEMENTATIONS = YES;
				CLANG_WARN_DIRECT_OBJC_ISA_USAGE = YES_ERROR;
				CLANG_WARN_DOCUMENTATION_COMMENTS = YES;
				CLANG_WARN_EMPTY_BODY = YES;
				CLANG_WARN_ENUM_CONVERSION = YES;
				CLANG_WARN_INFINITE_RECURSION = YES;
				CLANG_WARN_INT_CONVERSION = YES;
				CLANG_WARN_NON_LITERAL_NULL_CONVERSION = YES;
				CLANG_WARN_OBJC_IMPLICIT_RETAIN_SELF = YES;
				CLANG_WARN_OBJC_LITERAL_CONVERSION = YES;
				CLANG_WARN_OBJC_ROOT_CLASS = YES_ERROR;
				CLANG_WARN_QUOTED_INCLUDE_IN_FRAMEWORK_HEADER = YES;
				CLANG_WARN_RANGE_LOOP_ANALYSIS = YES;
				CLANG_WARN_STRICT_PROTOTYPES = YES;
				CLANG_WARN_SUSPICIOUS_MOVE = YES;
				CLANG_WARN_UNGUARDED_AVAILABILITY = YES_AGGRESSIVE;
				CLANG_WARN_UNREACHABLE_CODE = YES;
				CLANG_WARN__DUPLICATE_METHOD_MATCH = YES;
				COPY_PHASE_STRIP = NO;
				DEBUG_INFORMATION_FORMAT = "dwarf-with-dsym";
				ENABLE_NS_ASSERTIONS = NO;
				ENABLE_STRICT_OBJC_MSGSEND = YES;
				GCC_C_LANGUAGE_STANDARD = gnu11;
				GCC_NO_COMMON_BLOCKS = YES;
				GCC_WARN_64_TO_32_BIT_CONVERSION = YES;
				GCC_WARN_ABOUT_RETURN_TYPE = YES_ERROR;
				GCC_WARN_UNDECLARED_SELECTOR = YES;
				GCC_WARN_UNINITIALIZED_AUTOS = YES_AGGRESSIVE;
				GCC_WARN_UNUSED_FUNCTION = YES;
				GCC_WARN_UNUSED_VARIABLE = YES;
				IPHONEOS_DEPLOYMENT_TARGET = 14.5;
				MTL_ENABLE_DEBUG_INFO = NO;
				MTL_FAST_MATH = YES;
				SDKROOT = iphoneos;
				VALIDATE_PRODUCT = YES;
			};
			name = Release;
		};
		8A06BDF6268E216400A13382 /* Debug */ = {
			isa = XCBuildConfiguration;
			baseConfigurationReference = 43B0DE10D395CCC317DDE1F9 /* Pods-Foodie.debug.xcconfig */;
			buildSettings = {
				ASSETCATALOG_COMPILER_APPICON_NAME = AppIcon;
				ASSETCATALOG_COMPILER_GLOBAL_ACCENT_COLOR_NAME = AccentColor;
				CODE_SIGN_STYLE = Automatic;
				DEVELOPMENT_TEAM = P68SDG3TWP;
				INFOPLIST_FILE = Foodie/Info.plist;
				IPHONEOS_DEPLOYMENT_TARGET = 14.1;
				LD_RUNPATH_SEARCH_PATHS = (
					"$(inherited)",
					"@executable_path/Frameworks",
				);
				PRODUCT_BUNDLE_IDENTIFIER = com.codepath.Foodie;
				PRODUCT_NAME = "$(TARGET_NAME)";
				TARGETED_DEVICE_FAMILY = "1,2";
			};
			name = Debug;
		};
		8A06BDF7268E216400A13382 /* Release */ = {
			isa = XCBuildConfiguration;
			baseConfigurationReference = AEA169FC7C5F8B8EDBD86F30 /* Pods-Foodie.release.xcconfig */;
			buildSettings = {
				ASSETCATALOG_COMPILER_APPICON_NAME = AppIcon;
				ASSETCATALOG_COMPILER_GLOBAL_ACCENT_COLOR_NAME = AccentColor;
				CODE_SIGN_STYLE = Automatic;
				DEVELOPMENT_TEAM = P68SDG3TWP;
				INFOPLIST_FILE = Foodie/Info.plist;
				IPHONEOS_DEPLOYMENT_TARGET = 14.1;
				LD_RUNPATH_SEARCH_PATHS = (
					"$(inherited)",
					"@executable_path/Frameworks",
				);
				PRODUCT_BUNDLE_IDENTIFIER = com.codepath.Foodie;
				PRODUCT_NAME = "$(TARGET_NAME)";
				TARGETED_DEVICE_FAMILY = "1,2";
			};
			name = Release;
		};
		8A06BDF9268E216400A13382 /* Debug */ = {
			isa = XCBuildConfiguration;
			baseConfigurationReference = 662E932F39B8C5E01194BC8E /* Pods-FoodieTests.debug.xcconfig */;
			buildSettings = {
				BUNDLE_LOADER = "$(TEST_HOST)";
				CODE_SIGN_STYLE = Automatic;
				DEVELOPMENT_TEAM = P68SDG3TWP;
				INFOPLIST_FILE = FoodieTests/Info.plist;
				IPHONEOS_DEPLOYMENT_TARGET = 14.5;
				LD_RUNPATH_SEARCH_PATHS = (
					"$(inherited)",
					"@executable_path/Frameworks",
					"@loader_path/Frameworks",
				);
				PRODUCT_BUNDLE_IDENTIFIER = com.codepath.FoodieTests;
				PRODUCT_NAME = "$(TARGET_NAME)";
				TARGETED_DEVICE_FAMILY = "1,2";
				TEST_HOST = "$(BUILT_PRODUCTS_DIR)/Foodie.app/Foodie";
			};
			name = Debug;
		};
		8A06BDFA268E216400A13382 /* Release */ = {
			isa = XCBuildConfiguration;
			baseConfigurationReference = B87994DD9AAF6EDA0E9A56AA /* Pods-FoodieTests.release.xcconfig */;
			buildSettings = {
				BUNDLE_LOADER = "$(TEST_HOST)";
				CODE_SIGN_STYLE = Automatic;
				DEVELOPMENT_TEAM = P68SDG3TWP;
				INFOPLIST_FILE = FoodieTests/Info.plist;
				IPHONEOS_DEPLOYMENT_TARGET = 14.5;
				LD_RUNPATH_SEARCH_PATHS = (
					"$(inherited)",
					"@executable_path/Frameworks",
					"@loader_path/Frameworks",
				);
				PRODUCT_BUNDLE_IDENTIFIER = com.codepath.FoodieTests;
				PRODUCT_NAME = "$(TARGET_NAME)";
				TARGETED_DEVICE_FAMILY = "1,2";
				TEST_HOST = "$(BUILT_PRODUCTS_DIR)/Foodie.app/Foodie";
			};
			name = Release;
		};
		8A06BDFC268E216400A13382 /* Debug */ = {
			isa = XCBuildConfiguration;
			baseConfigurationReference = B3725B4F03FE35156DBD8CB8 /* Pods-Foodie-FoodieUITests.debug.xcconfig */;
			buildSettings = {
				CODE_SIGN_STYLE = Automatic;
				DEVELOPMENT_TEAM = P68SDG3TWP;
				INFOPLIST_FILE = FoodieUITests/Info.plist;
				LD_RUNPATH_SEARCH_PATHS = (
					"$(inherited)",
					"@executable_path/Frameworks",
					"@loader_path/Frameworks",
				);
				PRODUCT_BUNDLE_IDENTIFIER = com.codepath.FoodieUITests;
				PRODUCT_NAME = "$(TARGET_NAME)";
				TARGETED_DEVICE_FAMILY = "1,2";
				TEST_TARGET_NAME = Foodie;
			};
			name = Debug;
		};
		8A06BDFD268E216400A13382 /* Release */ = {
			isa = XCBuildConfiguration;
			baseConfigurationReference = B0101693DE2FF6A26F7A9E7C /* Pods-Foodie-FoodieUITests.release.xcconfig */;
			buildSettings = {
				CODE_SIGN_STYLE = Automatic;
				DEVELOPMENT_TEAM = P68SDG3TWP;
				INFOPLIST_FILE = FoodieUITests/Info.plist;
				LD_RUNPATH_SEARCH_PATHS = (
					"$(inherited)",
					"@executable_path/Frameworks",
					"@loader_path/Frameworks",
				);
				PRODUCT_BUNDLE_IDENTIFIER = com.codepath.FoodieUITests;
				PRODUCT_NAME = "$(TARGET_NAME)";
				TARGETED_DEVICE_FAMILY = "1,2";
				TEST_TARGET_NAME = Foodie;
			};
			name = Release;
		};
/* End XCBuildConfiguration section */

/* Begin XCConfigurationList section */
		8A06BDC1268E216200A13382 /* Build configuration list for PBXProject "Foodie" */ = {
			isa = XCConfigurationList;
			buildConfigurations = (
				8A06BDF3268E216400A13382 /* Debug */,
				8A06BDF4268E216400A13382 /* Release */,
			);
			defaultConfigurationIsVisible = 0;
			defaultConfigurationName = Release;
		};
		8A06BDF5268E216400A13382 /* Build configuration list for PBXNativeTarget "Foodie" */ = {
			isa = XCConfigurationList;
			buildConfigurations = (
				8A06BDF6268E216400A13382 /* Debug */,
				8A06BDF7268E216400A13382 /* Release */,
			);
			defaultConfigurationIsVisible = 0;
			defaultConfigurationName = Release;
		};
		8A06BDF8268E216400A13382 /* Build configuration list for PBXNativeTarget "FoodieTests" */ = {
			isa = XCConfigurationList;
			buildConfigurations = (
				8A06BDF9268E216400A13382 /* Debug */,
				8A06BDFA268E216400A13382 /* Release */,
			);
			defaultConfigurationIsVisible = 0;
			defaultConfigurationName = Release;
		};
		8A06BDFB268E216400A13382 /* Build configuration list for PBXNativeTarget "FoodieUITests" */ = {
			isa = XCConfigurationList;
			buildConfigurations = (
				8A06BDFC268E216400A13382 /* Debug */,
				8A06BDFD268E216400A13382 /* Release */,
			);
			defaultConfigurationIsVisible = 0;
			defaultConfigurationName = Release;
		};
/* End XCConfigurationList section */
	};
	rootObject = 8A06BDBE268E216200A13382 /* Project object */;
}
